// !$*UTF8*$!
{
	archiveVersion = 1;
	classes = {
	};
	objectVersion = 55;
	objects = {

/* Begin PBXBuildFile section */
		8DDC902727446EBF006F8BA0 /* LegumoApp.swift in Sources */ = {isa = PBXBuildFile; fileRef = 8DDC902627446EBF006F8BA0 /* LegumoApp.swift */; };
		8DDC902927446EBF006F8BA0 /* ContentView.swift in Sources */ = {isa = PBXBuildFile; fileRef = 8DDC902827446EBF006F8BA0 /* ContentView.swift */; };
		8DDC902B27446EC0006F8BA0 /* Assets.xcassets in Resources */ = {isa = PBXBuildFile; fileRef = 8DDC902A27446EC0006F8BA0 /* Assets.xcassets */; };
		8DDC902E27446EC0006F8BA0 /* Preview Assets.xcassets in Resources */ = {isa = PBXBuildFile; fileRef = 8DDC902D27446EC0006F8BA0 /* Preview Assets.xcassets */; };
		8DDC903827446EC0006F8BA0 /* LegumoTests.swift in Sources */ = {isa = PBXBuildFile; fileRef = 8DDC903727446EC0006F8BA0 /* LegumoTests.swift */; };
		8DDC904227446EC0006F8BA0 /* LegumoUITests.swift in Sources */ = {isa = PBXBuildFile; fileRef = 8DDC904127446EC0006F8BA0 /* LegumoUITests.swift */; };
		8DDC904427446EC0006F8BA0 /* LegumoUITestsLaunchTests.swift in Sources */ = {isa = PBXBuildFile; fileRef = 8DDC904327446EC0006F8BA0 /* LegumoUITestsLaunchTests.swift */; };
		8DDC905127447293006F8BA0 /* RestaurantSection.swift in Sources */ = {isa = PBXBuildFile; fileRef = 8DDC905027447293006F8BA0 /* RestaurantSection.swift */; };
		8DDC90532744758F006F8BA0 /* MenuItemCard.swift in Sources */ = {isa = PBXBuildFile; fileRef = 8DDC90522744758F006F8BA0 /* MenuItemCard.swift */; };
		8DDC905827449F00006F8BA0 /* utils.swift in Sources */ = {isa = PBXBuildFile; fileRef = 8DDC905727449F00006F8BA0 /* utils.swift */; };
/* End PBXBuildFile section */

/* Begin PBXContainerItemProxy section */
		8DDC903427446EC0006F8BA0 /* PBXContainerItemProxy */ = {
			isa = PBXContainerItemProxy;
			containerPortal = 8DDC901B27446EBF006F8BA0 /* Project object */;
			proxyType = 1;
			remoteGlobalIDString = 8DDC902227446EBF006F8BA0;
			remoteInfo = Legumo;
		};
		8DDC903E27446EC0006F8BA0 /* PBXContainerItemProxy */ = {
			isa = PBXContainerItemProxy;
			containerPortal = 8DDC901B27446EBF006F8BA0 /* Project object */;
			proxyType = 1;
			remoteGlobalIDString = 8DDC902227446EBF006F8BA0;
			remoteInfo = Legumo;
		};
/* End PBXContainerItemProxy section */

/* Begin PBXFileReference section */
		8DDC902327446EBF006F8BA0 /* Legumo.app */ = {isa = PBXFileReference; explicitFileType = wrapper.application; includeInIndex = 0; path = Legumo.app; sourceTree = BUILT_PRODUCTS_DIR; };
		8DDC902627446EBF006F8BA0 /* LegumoApp.swift */ = {isa = PBXFileReference; lastKnownFileType = sourcecode.swift; path = LegumoApp.swift; sourceTree = "<group>"; };
		8DDC902827446EBF006F8BA0 /* ContentView.swift */ = {isa = PBXFileReference; lastKnownFileType = sourcecode.swift; path = ContentView.swift; sourceTree = "<group>"; };
		8DDC902A27446EC0006F8BA0 /* Assets.xcassets */ = {isa = PBXFileReference; lastKnownFileType = folder.assetcatalog; path = Assets.xcassets; sourceTree = "<group>"; };
		8DDC902D27446EC0006F8BA0 /* Preview Assets.xcassets */ = {isa = PBXFileReference; lastKnownFileType = folder.assetcatalog; path = "Preview Assets.xcassets"; sourceTree = "<group>"; };
		8DDC903327446EC0006F8BA0 /* LegumoTests.xctest */ = {isa = PBXFileReference; explicitFileType = wrapper.cfbundle; includeInIndex = 0; path = LegumoTests.xctest; sourceTree = BUILT_PRODUCTS_DIR; };
		8DDC903727446EC0006F8BA0 /* LegumoTests.swift */ = {isa = PBXFileReference; lastKnownFileType = sourcecode.swift; path = LegumoTests.swift; sourceTree = "<group>"; };
		8DDC903D27446EC0006F8BA0 /* LegumoUITests.xctest */ = {isa = PBXFileReference; explicitFileType = wrapper.cfbundle; includeInIndex = 0; path = LegumoUITests.xctest; sourceTree = BUILT_PRODUCTS_DIR; };
		8DDC904127446EC0006F8BA0 /* LegumoUITests.swift */ = {isa = PBXFileReference; lastKnownFileType = sourcecode.swift; path = LegumoUITests.swift; sourceTree = "<group>"; };
		8DDC904327446EC0006F8BA0 /* LegumoUITestsLaunchTests.swift */ = {isa = PBXFileReference; lastKnownFileType = sourcecode.swift; path = LegumoUITestsLaunchTests.swift; sourceTree = "<group>"; };
		8DDC905027447293006F8BA0 /* RestaurantSection.swift */ = {isa = PBXFileReference; lastKnownFileType = sourcecode.swift; path = RestaurantSection.swift; sourceTree = "<group>"; };
		8DDC90522744758F006F8BA0 /* MenuItemCard.swift */ = {isa = PBXFileReference; lastKnownFileType = sourcecode.swift; path = MenuItemCard.swift; sourceTree = "<group>"; };
		8DDC905727449F00006F8BA0 /* utils.swift */ = {isa = PBXFileReference; lastKnownFileType = sourcecode.swift; path = utils.swift; sourceTree = "<group>"; };
/* End PBXFileReference section */

/* Begin PBXFrameworksBuildPhase section */
		8DDC902027446EBF006F8BA0 /* Frameworks */ = {
			isa = PBXFrameworksBuildPhase;
			buildActionMask = 2147483647;
			files = (
			);
			runOnlyForDeploymentPostprocessing = 0;
		};
		8DDC903027446EC0006F8BA0 /* Frameworks */ = {
			isa = PBXFrameworksBuildPhase;
			buildActionMask = 2147483647;
			files = (
			);
			runOnlyForDeploymentPostprocessing = 0;
		};
		8DDC903A27446EC0006F8BA0 /* Frameworks */ = {
			isa = PBXFrameworksBuildPhase;
			buildActionMask = 2147483647;
			files = (
			);
			runOnlyForDeploymentPostprocessing = 0;
		};
/* End PBXFrameworksBuildPhase section */

/* Begin PBXGroup section */
		8DDC901A27446EBF006F8BA0 = {
			isa = PBXGroup;
			children = (
				8DDC902527446EBF006F8BA0 /* Legumo */,
				8DDC903627446EC0006F8BA0 /* LegumoTests */,
				8DDC904027446EC0006F8BA0 /* LegumoUITests */,
				8DDC902427446EBF006F8BA0 /* Products */,
			);
			sourceTree = "<group>";
		};
		8DDC902427446EBF006F8BA0 /* Products */ = {
			isa = PBXGroup;
			children = (
				8DDC902327446EBF006F8BA0 /* Legumo.app */,
				8DDC903327446EC0006F8BA0 /* LegumoTests.xctest */,
				8DDC903D27446EC0006F8BA0 /* LegumoUITests.xctest */,
			);
			name = Products;
			sourceTree = "<group>";
		};
		8DDC902527446EBF006F8BA0 /* Legumo */ = {
			isa = PBXGroup;
			children = (
				8DDC905627449EAE006F8BA0 /* Views */,
				8DDC902627446EBF006F8BA0 /* LegumoApp.swift */,
				8DDC902827446EBF006F8BA0 /* ContentView.swift */,
				8DDC902A27446EC0006F8BA0 /* Assets.xcassets */,
				8DDC902C27446EC0006F8BA0 /* Preview Content */,
				8DDC905727449F00006F8BA0 /* utils.swift */,
			);
			path = Legumo;
			sourceTree = "<group>";
		};
		8DDC902C27446EC0006F8BA0 /* Preview Content */ = {
			isa = PBXGroup;
			children = (
				8DDC902D27446EC0006F8BA0 /* Preview Assets.xcassets */,
			);
			path = "Preview Content";
			sourceTree = "<group>";
		};
		8DDC903627446EC0006F8BA0 /* LegumoTests */ = {
			isa = PBXGroup;
			children = (
				8DDC903727446EC0006F8BA0 /* LegumoTests.swift */,
			);
			path = LegumoTests;
			sourceTree = "<group>";
		};
		8DDC904027446EC0006F8BA0 /* LegumoUITests */ = {
			isa = PBXGroup;
			children = (
				8DDC904127446EC0006F8BA0 /* LegumoUITests.swift */,
				8DDC904327446EC0006F8BA0 /* LegumoUITestsLaunchTests.swift */,
			);
			path = LegumoUITests;
			sourceTree = "<group>";
		};
		8DDC905627449EAE006F8BA0 /* Views */ = {
			isa = PBXGroup;
			children = (
				8DDC905027447293006F8BA0 /* RestaurantSection.swift */,
				8DDC90522744758F006F8BA0 /* MenuItemCard.swift */,
			);
			path = Views;
			sourceTree = "<group>";
		};
/* End PBXGroup section */

/* Begin PBXNativeTarget section */
		8DDC902227446EBF006F8BA0 /* Legumo */ = {
			isa = PBXNativeTarget;
			buildConfigurationList = 8DDC904727446EC0006F8BA0 /* Build configuration list for PBXNativeTarget "Legumo" */;
			buildPhases = (
				8DDC901F27446EBF006F8BA0 /* Sources */,
				8DDC902027446EBF006F8BA0 /* Frameworks */,
				8DDC902127446EBF006F8BA0 /* Resources */,
			);
			buildRules = (
			);
			dependencies = (
			);
			name = Legumo;
			productName = Legumo;
			productReference = 8DDC902327446EBF006F8BA0 /* Legumo.app */;
			productType = "com.apple.product-type.application";
		};
		8DDC903227446EC0006F8BA0 /* LegumoTests */ = {
			isa = PBXNativeTarget;
			buildConfigurationList = 8DDC904A27446EC0006F8BA0 /* Build configuration list for PBXNativeTarget "LegumoTests" */;
			buildPhases = (
				8DDC902F27446EC0006F8BA0 /* Sources */,
				8DDC903027446EC0006F8BA0 /* Frameworks */,
				8DDC903127446EC0006F8BA0 /* Resources */,
			);
			buildRules = (
			);
			dependencies = (
				8DDC903527446EC0006F8BA0 /* PBXTargetDependency */,
			);
			name = LegumoTests;
			productName = LegumoTests;
			productReference = 8DDC903327446EC0006F8BA0 /* LegumoTests.xctest */;
			productType = "com.apple.product-type.bundle.unit-test";
		};
		8DDC903C27446EC0006F8BA0 /* LegumoUITests */ = {
			isa = PBXNativeTarget;
			buildConfigurationList = 8DDC904D27446EC0006F8BA0 /* Build configuration list for PBXNativeTarget "LegumoUITests" */;
			buildPhases = (
				8DDC903927446EC0006F8BA0 /* Sources */,
				8DDC903A27446EC0006F8BA0 /* Frameworks */,
				8DDC903B27446EC0006F8BA0 /* Resources */,
			);
			buildRules = (
			);
			dependencies = (
				8DDC903F27446EC0006F8BA0 /* PBXTargetDependency */,
			);
			name = LegumoUITests;
			productName = LegumoUITests;
			productReference = 8DDC903D27446EC0006F8BA0 /* LegumoUITests.xctest */;
			productType = "com.apple.product-type.bundle.ui-testing";
		};
/* End PBXNativeTarget section */

/* Begin PBXProject section */
		8DDC901B27446EBF006F8BA0 /* Project object */ = {
			isa = PBXProject;
			attributes = {
				BuildIndependentTargetsInParallel = 1;
				LastSwiftUpdateCheck = 1310;
				LastUpgradeCheck = 1310;
				TargetAttributes = {
					8DDC902227446EBF006F8BA0 = {
						CreatedOnToolsVersion = 13.1;
					};
					8DDC903227446EC0006F8BA0 = {
						CreatedOnToolsVersion = 13.1;
						TestTargetID = 8DDC902227446EBF006F8BA0;
					};
					8DDC903C27446EC0006F8BA0 = {
						CreatedOnToolsVersion = 13.1;
						TestTargetID = 8DDC902227446EBF006F8BA0;
					};
				};
			};
			buildConfigurationList = 8DDC901E27446EBF006F8BA0 /* Build configuration list for PBXProject "Legumo" */;
			compatibilityVersion = "Xcode 13.0";
			developmentRegion = en;
			hasScannedForEncodings = 0;
			knownRegions = (
				en,
				Base,
			);
			mainGroup = 8DDC901A27446EBF006F8BA0;
			productRefGroup = 8DDC902427446EBF006F8BA0 /* Products */;
			projectDirPath = "";
			projectRoot = "";
			targets = (
				8DDC902227446EBF006F8BA0 /* Legumo */,
				8DDC903227446EC0006F8BA0 /* LegumoTests */,
				8DDC903C27446EC0006F8BA0 /* LegumoUITests */,
			);
		};
/* End PBXProject section */

/* Begin PBXResourcesBuildPhase section */
		8DDC902127446EBF006F8BA0 /* Resources */ = {
			isa = PBXResourcesBuildPhase;
			buildActionMask = 2147483647;
			files = (
				8DDC902E27446EC0006F8BA0 /* Preview Assets.xcassets in Resources */,
				8DDC902B27446EC0006F8BA0 /* Assets.xcassets in Resources */,
			);
			runOnlyForDeploymentPostprocessing = 0;
		};
		8DDC903127446EC0006F8BA0 /* Resources */ = {
			isa = PBXResourcesBuildPhase;
			buildActionMask = 2147483647;
			files = (
			);
			runOnlyForDeploymentPostprocessing = 0;
		};
		8DDC903B27446EC0006F8BA0 /* Resources */ = {
			isa = PBXResourcesBuildPhase;
			buildActionMask = 2147483647;
			files = (
			);
			runOnlyForDeploymentPostprocessing = 0;
		};
/* End PBXResourcesBuildPhase section */

/* Begin PBXSourcesBuildPhase section */
		8DDC901F27446EBF006F8BA0 /* Sources */ = {
			isa = PBXSourcesBuildPhase;
			buildActionMask = 2147483647;
			files = (
				8DDC905827449F00006F8BA0 /* utils.swift in Sources */,
				8DDC902927446EBF006F8BA0 /* ContentView.swift in Sources */,
				8DDC902727446EBF006F8BA0 /* LegumoApp.swift in Sources */,
				8DDC905127447293006F8BA0 /* RestaurantSection.swift in Sources */,
				8DDC90532744758F006F8BA0 /* MenuItemCard.swift in Sources */,
			);
			runOnlyForDeploymentPostprocessing = 0;
		};
		8DDC902F27446EC0006F8BA0 /* Sources */ = {
			isa = PBXSourcesBuildPhase;
			buildActionMask = 2147483647;
			files = (
				8DDC903827446EC0006F8BA0 /* LegumoTests.swift in Sources */,
			);
			runOnlyForDeploymentPostprocessing = 0;
		};
		8DDC903927446EC0006F8BA0 /* Sources */ = {
			isa = PBXSourcesBuildPhase;
			buildActionMask = 2147483647;
			files = (
				8DDC904227446EC0006F8BA0 /* LegumoUITests.swift in Sources */,
				8DDC904427446EC0006F8BA0 /* LegumoUITestsLaunchTests.swift in Sources */,
			);
			runOnlyForDeploymentPostprocessing = 0;
		};
/* End PBXSourcesBuildPhase section */

/* Begin PBXTargetDependency section */
		8DDC903527446EC0006F8BA0 /* PBXTargetDependency */ = {
			isa = PBXTargetDependency;
			target = 8DDC902227446EBF006F8BA0 /* Legumo */;
			targetProxy = 8DDC903427446EC0006F8BA0 /* PBXContainerItemProxy */;
		};
		8DDC903F27446EC0006F8BA0 /* PBXTargetDependency */ = {
			isa = PBXTargetDependency;
			target = 8DDC902227446EBF006F8BA0 /* Legumo */;
			targetProxy = 8DDC903E27446EC0006F8BA0 /* PBXContainerItemProxy */;
		};
/* End PBXTargetDependency section */

/* Begin XCBuildConfiguration section */
		8DDC904527446EC0006F8BA0 /* Debug */ = {
			isa = XCBuildConfiguration;
			buildSettings = {
				ALWAYS_SEARCH_USER_PATHS = NO;
				CLANG_ANALYZER_NONNULL = YES;
				CLANG_ANALYZER_NUMBER_OBJECT_CONVERSION = YES_AGGRESSIVE;
				CLANG_CXX_LANGUAGE_STANDARD = "gnu++17";
				CLANG_CXX_LIBRARY = "libc++";
				CLANG_ENABLE_MODULES = YES;
				CLANG_ENABLE_OBJC_ARC = YES;
				CLANG_ENABLE_OBJC_WEAK = YES;
				CLANG_WARN_BLOCK_CAPTURE_AUTORELEASING = YES;
				CLANG_WARN_BOOL_CONVERSION = YES;
				CLANG_WARN_COMMA = YES;
				CLANG_WARN_CONSTANT_CONVERSION = YES;
				CLANG_WARN_DEPRECATED_OBJC_IMPLEMENTATIONS = YES;
				CLANG_WARN_DIRECT_OBJC_ISA_USAGE = YES_ERROR;
				CLANG_WARN_DOCUMENTATION_COMMENTS = YES;
				CLANG_WARN_EMPTY_BODY = YES;
				CLANG_WARN_ENUM_CONVERSION = YES;
				CLANG_WARN_INFINITE_RECURSION = YES;
				CLANG_WARN_INT_CONVERSION = YES;
				CLANG_WARN_NON_LITERAL_NULL_CONVERSION = YES;
				CLANG_WARN_OBJC_IMPLICIT_RETAIN_SELF = YES;
				CLANG_WARN_OBJC_LITERAL_CONVERSION = YES;
				CLANG_WARN_OBJC_ROOT_CLASS = YES_ERROR;
				CLANG_WARN_QUOTED_INCLUDE_IN_FRAMEWORK_HEADER = YES;
				CLANG_WARN_RANGE_LOOP_ANALYSIS = YES;
				CLANG_WARN_STRICT_PROTOTYPES = YES;
				CLANG_WARN_SUSPICIOUS_MOVE = YES;
				CLANG_WARN_UNGUARDED_AVAILABILITY = YES_AGGRESSIVE;
				CLANG_WARN_UNREACHABLE_CODE = YES;
				CLANG_WARN__DUPLICATE_METHOD_MATCH = YES;
				COPY_PHASE_STRIP = NO;
				DEBUG_INFORMATION_FORMAT = dwarf;
				ENABLE_STRICT_OBJC_MSGSEND = YES;
				ENABLE_TESTABILITY = YES;
				GCC_C_LANGUAGE_STANDARD = gnu11;
				GCC_DYNAMIC_NO_PIC = NO;
				GCC_NO_COMMON_BLOCKS = YES;
				GCC_OPTIMIZATION_LEVEL = 0;
				GCC_PREPROCESSOR_DEFINITIONS = (
					"DEBUG=1",
					"$(inherited)",
				);
				GCC_WARN_64_TO_32_BIT_CONVERSION = YES;
				GCC_WARN_ABOUT_RETURN_TYPE = YES_ERROR;
				GCC_WARN_UNDECLARED_SELECTOR = YES;
				GCC_WARN_UNINITIALIZED_AUTOS = YES_AGGRESSIVE;
				GCC_WARN_UNUSED_FUNCTION = YES;
				GCC_WARN_UNUSED_VARIABLE = YES;
				IPHONEOS_DEPLOYMENT_TARGET = 15.0;
				MTL_ENABLE_DEBUG_INFO = INCLUDE_SOURCE;
				MTL_FAST_MATH = YES;
				ONLY_ACTIVE_ARCH = YES;
				SDKROOT = iphoneos;
				SWIFT_ACTIVE_COMPILATION_CONDITIONS = DEBUG;
				SWIFT_OPTIMIZATION_LEVEL = "-Onone";
			};
			name = Debug;
		};
		8DDC904627446EC0006F8BA0 /* Release */ = {
			isa = XCBuildConfiguration;
			buildSettings = {
				ALWAYS_SEARCH_USER_PATHS = NO;
				CLANG_ANALYZER_NONNULL = YES;
				CLANG_ANALYZER_NUMBER_OBJECT_CONVERSION = YES_AGGRESSIVE;
				CLANG_CXX_LANGUAGE_STANDARD = "gnu++17";
				CLANG_CXX_LIBRARY = "libc++";
				CLANG_ENABLE_MODULES = YES;
				CLANG_ENABLE_OBJC_ARC = YES;
				CLANG_ENABLE_OBJC_WEAK = YES;
				CLANG_WARN_BLOCK_CAPTURE_AUTORELEASING = YES;
				CLANG_WARN_BOOL_CONVERSION = YES;
				CLANG_WARN_COMMA = YES;
				CLANG_WARN_CONSTANT_CONVERSION = YES;
				CLANG_WARN_DEPRECATED_OBJC_IMPLEMENTATIONS = YES;
				CLANG_WARN_DIRECT_OBJC_ISA_USAGE = YES_ERROR;
				CLANG_WARN_DOCUMENTATION_COMMENTS = YES;
				CLANG_WARN_EMPTY_BODY = YES;
				CLANG_WARN_ENUM_CONVERSION = YES;
				CLANG_WARN_INFINITE_RECURSION = YES;
				CLANG_WARN_INT_CONVERSION = YES;
				CLANG_WARN_NON_LITERAL_NULL_CONVERSION = YES;
				CLANG_WARN_OBJC_IMPLICIT_RETAIN_SELF = YES;
				CLANG_WARN_OBJC_LITERAL_CONVERSION = YES;
				CLANG_WARN_OBJC_ROOT_CLASS = YES_ERROR;
				CLANG_WARN_QUOTED_INCLUDE_IN_FRAMEWORK_HEADER = YES;
				CLANG_WARN_RANGE_LOOP_ANALYSIS = YES;
				CLANG_WARN_STRICT_PROTOTYPES = YES;
				CLANG_WARN_SUSPICIOUS_MOVE = YES;
				CLANG_WARN_UNGUARDED_AVAILABILITY = YES_AGGRESSIVE;
				CLANG_WARN_UNREACHABLE_CODE = YES;
				CLANG_WARN__DUPLICATE_METHOD_MATCH = YES;
				COPY_PHASE_STRIP = NO;
				DEBUG_INFORMATION_FORMAT = "dwarf-with-dsym";
				ENABLE_NS_ASSERTIONS = NO;
				ENABLE_STRICT_OBJC_MSGSEND = YES;
				GCC_C_LANGUAGE_STANDARD = gnu11;
				GCC_NO_COMMON_BLOCKS = YES;
				GCC_WARN_64_TO_32_BIT_CONVERSION = YES;
				GCC_WARN_ABOUT_RETURN_TYPE = YES_ERROR;
				GCC_WARN_UNDECLARED_SELECTOR = YES;
				GCC_WARN_UNINITIALIZED_AUTOS = YES_AGGRESSIVE;
				GCC_WARN_UNUSED_FUNCTION = YES;
				GCC_WARN_UNUSED_VARIABLE = YES;
				IPHONEOS_DEPLOYMENT_TARGET = 15.0;
				MTL_ENABLE_DEBUG_INFO = NO;
				MTL_FAST_MATH = YES;
				SDKROOT = iphoneos;
				SWIFT_COMPILATION_MODE = wholemodule;
				SWIFT_OPTIMIZATION_LEVEL = "-O";
				VALIDATE_PRODUCT = YES;
			};
			name = Release;
		};
		8DDC904827446EC0006F8BA0 /* Debug */ = {
			isa = XCBuildConfiguration;
			buildSettings = {
				ASSETCATALOG_COMPILER_APPICON_NAME = AppIcon;
				ASSETCATALOG_COMPILER_GLOBAL_ACCENT_COLOR_NAME = AccentColor;
				CODE_SIGN_STYLE = Automatic;
				CURRENT_PROJECT_VERSION = 1;
				DEVELOPMENT_ASSET_PATHS = "\"Legumo/Preview Content\"";
				DEVELOPMENT_TEAM = N54RWWYDF2;
				ENABLE_PREVIEWS = YES;
				GENERATE_INFOPLIST_FILE = YES;
				INFOPLIST_KEY_UIApplicationSceneManifest_Generation = YES;
				INFOPLIST_KEY_UIApplicationSupportsIndirectInputEvents = YES;
				INFOPLIST_KEY_UILaunchScreen_Generation = YES;
				INFOPLIST_KEY_UISupportedInterfaceOrientations_iPad = "UIInterfaceOrientationPortrait UIInterfaceOrientationPortraitUpsideDown UIInterfaceOrientationLandscapeLeft UIInterfaceOrientationLandscapeRight";
				INFOPLIST_KEY_UISupportedInterfaceOrientations_iPhone = "UIInterfaceOrientationPortrait UIInterfaceOrientationLandscapeLeft UIInterfaceOrientationLandscapeRight";
				LD_RUNPATH_SEARCH_PATHS = (
					"$(inherited)",
					"@executable_path/Frameworks",
				);
				MARKETING_VERSION = 1.0;
				PRODUCT_BUNDLE_IDENTIFIER = com.dillenburg.Legumo;
				PRODUCT_NAME = "$(TARGET_NAME)";
				SWIFT_EMIT_LOC_STRINGS = YES;
				SWIFT_VERSION = 5.0;
				TARGETED_DEVICE_FAMILY = "1,2";
			};
			name = Debug;
		};
		8DDC904927446EC0006F8BA0 /* Release */ = {
			isa = XCBuildConfiguration;
			buildSettings = {
				ASSETCATALOG_COMPILER_APPICON_NAME = AppIcon;
				ASSETCATALOG_COMPILER_GLOBAL_ACCENT_COLOR_NAME = AccentColor;
				CODE_SIGN_STYLE = Automatic;
				CURRENT_PROJECT_VERSION = 1;
				DEVELOPMENT_ASSET_PATHS = "\"Legumo/Preview Content\"";
				DEVELOPMENT_TEAM = N54RWWYDF2;
				ENABLE_PREVIEWS = YES;
				GENERATE_INFOPLIST_FILE = YES;
				INFOPLIST_KEY_UIApplicationSceneManifest_Generation = YES;
				INFOPLIST_KEY_UIApplicationSupportsIndirectInputEvents = YES;
				INFOPLIST_KEY_UILaunchScreen_Generation = YES;
				INFOPLIST_KEY_UISupportedInterfaceOrientations_iPad = "UIInterfaceOrientationPortrait UIInterfaceOrientationPortraitUpsideDown UIInterfaceOrientationLandscapeLeft UIInterfaceOrientationLandscapeRight";
				INFOPLIST_KEY_UISupportedInterfaceOrientations_iPhone = "UIInterfaceOrientationPortrait UIInterfaceOrientationLandscapeLeft UIInterfaceOrientationLandscapeRight";
				LD_RUNPATH_SEARCH_PATHS = (
					"$(inherited)",
					"@executable_path/Frameworks",
				);
				MARKETING_VERSION = 1.0;
				PRODUCT_BUNDLE_IDENTIFIER = com.dillenburg.Legumo;
				PRODUCT_NAME = "$(TARGET_NAME)";
				SWIFT_EMIT_LOC_STRINGS = YES;
				SWIFT_VERSION = 5.0;
				TARGETED_DEVICE_FAMILY = "1,2";
			};
			name = Release;
		};
		8DDC904B27446EC0006F8BA0 /* Debug */ = {
			isa = XCBuildConfiguration;
			buildSettings = {
				ALWAYS_EMBED_SWIFT_STANDARD_LIBRARIES = YES;
				BUNDLE_LOADER = "$(TEST_HOST)";
				CODE_SIGN_STYLE = Automatic;
				CURRENT_PROJECT_VERSION = 1;
				DEVELOPMENT_TEAM = N54RWWYDF2;
				GENERATE_INFOPLIST_FILE = YES;
				IPHONEOS_DEPLOYMENT_TARGET = 15.0;
				LD_RUNPATH_SEARCH_PATHS = (
					"$(inherited)",
					"@executable_path/Frameworks",
					"@loader_path/Frameworks",
				);
				MARKETING_VERSION = 1.0;
				PRODUCT_BUNDLE_IDENTIFIER = com.dillenburg.LegumoTests;
				PRODUCT_NAME = "$(TARGET_NAME)";
				SWIFT_EMIT_LOC_STRINGS = NO;
				SWIFT_VERSION = 5.0;
				TARGETED_DEVICE_FAMILY = "1,2";
				TEST_HOST = "$(BUILT_PRODUCTS_DIR)/Legumo.app/Legumo";
			};
			name = Debug;
		};
		8DDC904C27446EC0006F8BA0 /* Release */ = {
			isa = XCBuildConfiguration;
			buildSettings = {
				ALWAYS_EMBED_SWIFT_STANDARD_LIBRARIES = YES;
				BUNDLE_LOADER = "$(TEST_HOST)";
				CODE_SIGN_STYLE = Automatic;
				CURRENT_PROJECT_VERSION = 1;
				DEVELOPMENT_TEAM = N54RWWYDF2;
				GENERATE_INFOPLIST_FILE = YES;
				IPHONEOS_DEPLOYMENT_TARGET = 15.0;
				LD_RUNPATH_SEARCH_PATHS = (
					"$(inherited)",
					"@executable_path/Frameworks",
					"@loader_path/Frameworks",
				);
				MARKETING_VERSION = 1.0;
				PRODUCT_BUNDLE_IDENTIFIER = com.dillenburg.LegumoTests;
				PRODUCT_NAME = "$(TARGET_NAME)";
				SWIFT_EMIT_LOC_STRINGS = NO;
				SWIFT_VERSION = 5.0;
				TARGETED_DEVICE_FAMILY = "1,2";
				TEST_HOST = "$(BUILT_PRODUCTS_DIR)/Legumo.app/Legumo";
			};
			name = Release;
		};
		8DDC904E27446EC0006F8BA0 /* Debug */ = {
			isa = XCBuildConfiguration;
			buildSettings = {
				ALWAYS_EMBED_SWIFT_STANDARD_LIBRARIES = YES;
				CODE_SIGN_STYLE = Automatic;
				CURRENT_PROJECT_VERSION = 1;
				DEVELOPMENT_TEAM = N54RWWYDF2;
				GENERATE_INFOPLIST_FILE = YES;
				LD_RUNPATH_SEARCH_PATHS = (
					"$(inherited)",
					"@executable_path/Frameworks",
					"@loader_path/Frameworks",
				);
				MARKETING_VERSION = 1.0;
				PRODUCT_BUNDLE_IDENTIFIER = com.dillenburg.LegumoUITests;
				PRODUCT_NAME = "$(TARGET_NAME)";
				SWIFT_EMIT_LOC_STRINGS = NO;
				SWIFT_VERSION = 5.0;
				TARGETED_DEVICE_FAMILY = "1,2";
				TEST_TARGET_NAME = Legumo;
			};
			name = Debug;
		};
		8DDC904F27446EC0006F8BA0 /* Release */ = {
			isa = XCBuildConfiguration;
			buildSettings = {
				ALWAYS_EMBED_SWIFT_STANDARD_LIBRARIES = YES;
				CODE_SIGN_STYLE = Automatic;
				CURRENT_PROJECT_VERSION = 1;
				DEVELOPMENT_TEAM = N54RWWYDF2;
				GENERATE_INFOPLIST_FILE = YES;
				LD_RUNPATH_SEARCH_PATHS = (
					"$(inherited)",
					"@executable_path/Frameworks",
					"@loader_path/Frameworks",
				);
				MARKETING_VERSION = 1.0;
				PRODUCT_BUNDLE_IDENTIFIER = com.dillenburg.LegumoUITests;
				PRODUCT_NAME = "$(TARGET_NAME)";
				SWIFT_EMIT_LOC_STRINGS = NO;
				SWIFT_VERSION = 5.0;
				TARGETED_DEVICE_FAMILY = "1,2";
				TEST_TARGET_NAME = Legumo;
			};
			name = Release;
		};
/* End XCBuildConfiguration section */

/* Begin XCConfigurationList section */
		8DDC901E27446EBF006F8BA0 /* Build configuration list for PBXProject "Legumo" */ = {
			isa = XCConfigurationList;
			buildConfigurations = (
				8DDC904527446EC0006F8BA0 /* Debug */,
				8DDC904627446EC0006F8BA0 /* Release */,
			);
			defaultConfigurationIsVisible = 0;
			defaultConfigurationName = Release;
		};
		8DDC904727446EC0006F8BA0 /* Build configuration list for PBXNativeTarget "Legumo" */ = {
			isa = XCConfigurationList;
			buildConfigurations = (
				8DDC904827446EC0006F8BA0 /* Debug */,
				8DDC904927446EC0006F8BA0 /* Release */,
			);
			defaultConfigurationIsVisible = 0;
			defaultConfigurationName = Release;
		};
		8DDC904A27446EC0006F8BA0 /* Build configuration list for PBXNativeTarget "LegumoTests" */ = {
			isa = XCConfigurationList;
			buildConfigurations = (
				8DDC904B27446EC0006F8BA0 /* Debug */,
				8DDC904C27446EC0006F8BA0 /* Release */,
			);
			defaultConfigurationIsVisible = 0;
			defaultConfigurationName = Release;
		};
		8DDC904D27446EC0006F8BA0 /* Build configuration list for PBXNativeTarget "LegumoUITests" */ = {
			isa = XCConfigurationList;
			buildConfigurations = (
				8DDC904E27446EC0006F8BA0 /* Debug */,
				8DDC904F27446EC0006F8BA0 /* Release */,
			);
			defaultConfigurationIsVisible = 0;
			defaultConfigurationName = Release;
		};
/* End XCConfigurationList section */
	};
	rootObject = 8DDC901B27446EBF006F8BA0 /* Project object */;
}
